
Microsoft Visual Studio Solution File, Format Version 12.00
# Visual Studio 15
VisualStudioVersion = 15.0.27004.2006
MinimumVisualStudioVersion = 10.0.40219.1
Project("{FAE04EC0-301F-11D3-BF4B-00C04F79EFBC}") = "OtdelKadrov", "OtdelKadrov\OtdelKadrov.csproj", "{49315AC4-CC39-4EBD-A4EC-C63984931062}"
EndProject
Global
	GlobalSection(SolutionConfigurationPlatforms) = preSolution
		Debug|Any CPU = Debug|Any CPU
		Release|Any CPU = Release|Any CPU
	EndGlobalSection
	GlobalSection(ProjectConfigurationPlatforms) = postSolution
		{49315AC4-CC39-4EBD-A4EC-C63984931062}.Debug|Any CPU.ActiveCfg = Debug|Any CPU
		{49315AC4-CC39-4EBD-A4EC-C63984931062}.Debug|Any CPU.Build.0 = Debug|Any CPU
		{49315AC4-CC39-4EBD-A4EC-C63984931062}.Release|Any CPU.ActiveCfg = Release|Any CPU
		{49315AC4-CC39-4EBD-A4EC-C63984931062}.Release|Any CPU.Build.0 = Release|Any CPU
	EndGlobalSection
	GlobalSection(SolutionProperties) = preSolution
		HideSolutionNode = FALSE
	EndGlobalSection
	GlobalSection(ExtensibilityGlobals) = postSolution
		SolutionGuid = {F88991D7-575C-4184-9E82-15AB9C5930BB}
	EndGlobalSection
EndGlobal
